
Microsoft Visual Studio Solution File, Format Version 12.00
# Visual Studio 15
VisualStudioVersion = 15.0.27130.2010
MinimumVisualStudioVersion = 10.0.40219.1
Project("{FAE04EC0-301F-11D3-BF4B-00C04F79EFBC}") = "Trans", "Trans\Trans.csproj", "{D92850D9-FEA8-4FDA-BE34-2DB72FBEA985}"
EndProject
Project("{2150E333-8FDC-42A3-9474-1A3956D46DE8}") = "Solution Items", "Solution Items", "{DC8DD25B-C6C4-420D-B5B2-B8F692B97A0F}"
	ProjectSection(SolutionItems) = preProject
		Configuration\BaseConfiguration.xml = Configuration\BaseConfiguration.xml
	EndProjectSection
EndProject
Global
	GlobalSection(SolutionConfigurationPlatforms) = preSolution
		Debug|Any CPU = Debug|Any CPU
		Release|Any CPU = Release|Any CPU
	EndGlobalSection
	GlobalSection(ProjectConfigurationPlatforms) = postSolution
		{D92850D9-FEA8-4FDA-BE34-2DB72FBEA985}.Debug|Any CPU.ActiveCfg = Debug|Any CPU
		{D92850D9-FEA8-4FDA-BE34-2DB72FBEA985}.Debug|Any CPU.Build.0 = Debug|Any CPU
		{D92850D9-FEA8-4FDA-BE34-2DB72FBEA985}.Release|Any CPU.ActiveCfg = Release|Any CPU
		{D92850D9-FEA8-4FDA-BE34-2DB72FBEA985}.Release|Any CPU.Build.0 = Release|Any CPU
	EndGlobalSection
	GlobalSection(SolutionProperties) = preSolution
		HideSolutionNode = FALSE
	EndGlobalSection
	GlobalSection(ExtensibilityGlobals) = postSolution
		SolutionGuid = {D03CB1EC-E756-44B2-833B-6880BA0B53ED}
	EndGlobalSection
EndGlobal
